
Microsoft Visual Studio Solution File, Format Version 12.00
# Visual Studio Version 17
VisualStudioVersion = 17.3.32901.215
MinimumVisualStudioVersion = 10.0.40219.1
Project("{FAE04EC0-301F-11D3-BF4B-00C04F79EFBC}") = "bin_soubory_ukol3", "bin_soubory_ukol3\bin_soubory_ukol3.csproj", "{A44E70E9-B1DE-4F0D-9587-925785814588}"
EndProject
Global
	GlobalSection(SolutionConfigurationPlatforms) = preSolution
		Debug|Any CPU = Debug|Any CPU
		Release|Any CPU = Release|Any CPU
	EndGlobalSection
	GlobalSection(ProjectConfigurationPlatforms) = postSolution
		{A44E70E9-B1DE-4F0D-9587-925785814588}.Debug|Any CPU.ActiveCfg = Debug|Any CPU
		{A44E70E9-B1DE-4F0D-9587-925785814588}.Debug|Any CPU.Build.0 = Debug|Any CPU
		{A44E70E9-B1DE-4F0D-9587-925785814588}.Release|Any CPU.ActiveCfg = Release|Any CPU
		{A44E70E9-B1DE-4F0D-9587-925785814588}.Release|Any CPU.Build.0 = Release|Any CPU
	EndGlobalSection
	GlobalSection(SolutionProperties) = preSolution
		HideSolutionNode = FALSE
	EndGlobalSection
	GlobalSection(ExtensibilityGlobals) = postSolution
		SolutionGuid = {98283BC5-D028-4846-A0B4-6004F53FC0C1}
	EndGlobalSection
EndGlobal
